// !$*UTF8*$!
{
	archiveVersion = 1;
	classes = {
	};
	objectVersion = 77;
	objects = {

/* Begin PBXBuildFile section */
		00C5C47C4D3A69486DC493D3 /* LikemindedMacApp.swift in Sources */ = {isa = PBXBuildFile; fileRef = 7700EF7A1FAAF31D9ACEF8F4 /* LikemindedMacApp.swift */; };
		0306E5047E58AB8F66830636 /* AppleSignInSupport.swift in Sources */ = {isa = PBXBuildFile; fileRef = D7FCE7C689C2FF701CCB18EB /* AppleSignInSupport.swift */; };
		0F0F08547C69AA374756B919 /* LiveKitTokenProvider.swift in Sources */ = {isa = PBXBuildFile; fileRef = A931FF701084ED1753234F3A /* LiveKitTokenProvider.swift */; };
		132444A82981B36C69EF5C56 /* LikemindedAPIClient.swift in Sources */ = {isa = PBXBuildFile; fileRef = 14190A43716DF2A52AB8F7DD /* LikemindedAPIClient.swift */; };
		1434DA300C4A5A2400A859A3 /* PrototypeModels.swift in Sources */ = {isa = PBXBuildFile; fileRef = 8C8C121E18E6BF523CE92D82 /* PrototypeModels.swift */; };
		16F14684399DFC422A77AF87 /* GoogleSignInSupport.swift in Sources */ = {isa = PBXBuildFile; fileRef = 7B055E6A70526D0FD3D6B7C5 /* GoogleSignInSupport.swift */; };
		1C099E485B7A23A87435717E /* DeviceIdentity.swift in Sources */ = {isa = PBXBuildFile; fileRef = 43D8F9C153E1CAAA2E1D4B53 /* DeviceIdentity.swift */; };
		23566B8035FB78DD26018713 /* WalletSignInSupport.swift in Sources */ = {isa = PBXBuildFile; fileRef = CE323EA9FB8B001BE3FD724E /* WalletSignInSupport.swift */; };
		24652FD0AE7CDCBFD6449A33 /* SocialAuthButtonsView.swift in Sources */ = {isa = PBXBuildFile; fileRef = 85F92FDA4C0807BAC3C64DDC /* SocialAuthButtonsView.swift */; };
		24B98ECCC3DD2FF590BCB942 /* LiveKitMeetSession.swift in Sources */ = {isa = PBXBuildFile; fileRef = 000AE075D1E28F6F008AC04D /* LiveKitMeetSession.swift */; };
		2DD8ACBCA63AB12436A173EC /* DoodleArt.swift in Sources */ = {isa = PBXBuildFile; fileRef = 296DEAB93269CB0949442024 /* DoodleArt.swift */; };
		31D1987C09EEBD76447D0DF7 /* MacPrototypeData.swift in Sources */ = {isa = PBXBuildFile; fileRef = 181BFC9B2D93330133F5C993 /* MacPrototypeData.swift */; };
		3790F3067C86B1DF4F11FF86 /* NotificationsView.swift in Sources */ = {isa = PBXBuildFile; fileRef = 5F51BCAB677E4C2BEAE840EE /* NotificationsView.swift */; };
		379D8BA56E5821E1680248E7 /* CircleCard.swift in Sources */ = {isa = PBXBuildFile; fileRef = 4895BAF5408C8A7CEDEB5EC3 /* CircleCard.swift */; };
		399834A377ADFBCE54D30DF9 /* PrototypeAppState.swift in Sources */ = {isa = PBXBuildFile; fileRef = C615B2CB5D4009DE9EDF7F48 /* PrototypeAppState.swift */; };
		3C82F0006DF2BAE5048D0B43 /* OnboardingView.swift in Sources */ = {isa = PBXBuildFile; fileRef = BC3A363F271D17248AADFD13 /* OnboardingView.swift */; };
		3D96591126672068AD6125E9 /* Assets.xcassets in Resources */ = {isa = PBXBuildFile; fileRef = E4A27335D18C85FF61CE549E /* Assets.xcassets */; };
		3FC6508C115AA08A823B19CB /* RootView.swift in Sources */ = {isa = PBXBuildFile; fileRef = 71F1782CC0FAAD3C06C76E5C /* RootView.swift */; };
		4319E06107624A793DB13545 /* AuthSessionStore.swift in Sources */ = {isa = PBXBuildFile; fileRef = CDF2490A9727FEEB417EED9F /* AuthSessionStore.swift */; };
		4662D50BD9BFCB596D1B3824 /* DoodleArt.swift in Sources */ = {isa = PBXBuildFile; fileRef = 296DEAB93269CB0949442024 /* DoodleArt.swift */; };
		526F3648A81F8B47AA9EFC97 /* LiveKit in Frameworks */ = {isa = PBXBuildFile; productRef = EF71AD29363DA78174557635 /* LiveKit */; };
		537F95835B944C12426E2846 /* GoogleSignIn in Frameworks */ = {isa = PBXBuildFile; productRef = F6DE61824C693F67847A8C36 /* GoogleSignIn */; };
		5BF328C460E5D74DB230A51F /* Assets.xcassets in Resources */ = {isa = PBXBuildFile; fileRef = E4A27335D18C85FF61CE549E /* Assets.xcassets */; };
		5F0E79024B1B152EBBD80D88 /* LiveKit in Frameworks */ = {isa = PBXBuildFile; productRef = 9109FD768D670024E68556DC /* LiveKit */; };
		638037123B69B011D78BF5A7 /* LikemindedApp.swift in Sources */ = {isa = PBXBuildFile; fileRef = 704749A39D4B879E03561B1B /* LikemindedApp.swift */; };
		676E4A1C5FC17EE494C1AB2F /* AuthGateView.swift in Sources */ = {isa = PBXBuildFile; fileRef = 2B0C51AF9D64677B65F8D49A /* AuthGateView.swift */; };
		6817D124A01EACB3443E418A /* GoogleSignInSupport.swift in Sources */ = {isa = PBXBuildFile; fileRef = 7B055E6A70526D0FD3D6B7C5 /* GoogleSignInSupport.swift */; };
		6BC67532CE7285221B1396E7 /* SoulmateView.swift in Sources */ = {isa = PBXBuildFile; fileRef = 75383C5F7FE5874C6F987690 /* SoulmateView.swift */; };
		70256BE1244F839DCABB128C /* WalletSignInSupport.swift in Sources */ = {isa = PBXBuildFile; fileRef = CE323EA9FB8B001BE3FD724E /* WalletSignInSupport.swift */; };
		7CB71404A390802C745BF8F1 /* MacScreens.swift in Sources */ = {isa = PBXBuildFile; fileRef = F693CC73A97F4BA64FD34B2D /* MacScreens.swift */; };
		8298F29B28F7DBDF337EDD96 /* MacRootView.swift in Sources */ = {isa = PBXBuildFile; fileRef = 40664BF795D4C75998E0D941 /* MacRootView.swift */; };
		840C9EB45DCEBC5391A5C561 /* AppleSignInSupport.swift in Sources */ = {isa = PBXBuildFile; fileRef = D7FCE7C689C2FF701CCB18EB /* AppleSignInSupport.swift */; };
		84146F27670847A18F01957F /* PrototypeData.swift in Sources */ = {isa = PBXBuildFile; fileRef = C716780C8187703C6E293080 /* PrototypeData.swift */; };
		8AF3DD76F0780D1EC6B688E6 /* LiveKitMeetSession.swift in Sources */ = {isa = PBXBuildFile; fileRef = 000AE075D1E28F6F008AC04D /* LiveKitMeetSession.swift */; };
		8D27A1FA539B87B3019798C6 /* CommunitiesPrototypeView.swift in Sources */ = {isa = PBXBuildFile; fileRef = CF864D6E37CD7289F92855DF /* CommunitiesPrototypeView.swift */; };
		94B8BB90A08111BEB7490EEE /* RealtimeVoiceClient.swift in Sources */ = {isa = PBXBuildFile; fileRef = 70685EA3FAE20FBC4827812B /* RealtimeVoiceClient.swift */; };
		9917E4D207930B06A316F53D /* MacDesignSystem.swift in Sources */ = {isa = PBXBuildFile; fileRef = E35A6097677BF379E314306E /* MacDesignSystem.swift */; };
		9991EE71916006E89457B6E5 /* LikemindedAPIClient.swift in Sources */ = {isa = PBXBuildFile; fileRef = 63DCB9E92C74E864B793C207 /* LikemindedAPIClient.swift */; };
		B6865DD6F294D8C495E0F118 /* CustomTabBar.swift in Sources */ = {isa = PBXBuildFile; fileRef = 2E4CC542091C9D3F04D1DE21 /* CustomTabBar.swift */; };
		B9E7E4DC406E0482E4C8D26C /* SocialAuthButtonsView.swift in Sources */ = {isa = PBXBuildFile; fileRef = 85F92FDA4C0807BAC3C64DDC /* SocialAuthButtonsView.swift */; };
		BE4F826A0A1C866F945B5AAB /* SettingsPrototypeView.swift in Sources */ = {isa = PBXBuildFile; fileRef = E11E3DAEAEA4F6D6B35D2D32 /* SettingsPrototypeView.swift */; };
		C0779A3AF07F111E9FD05005 /* LikemindedPrivacyPolicy.swift in Sources */ = {isa = PBXBuildFile; fileRef = 63D2CC8991B9726CA6E09FED /* LikemindedPrivacyPolicy.swift */; };
		CE50886875324458689A2D08 /* LiveKitWebRTC in Frameworks */ = {isa = PBXBuildFile; productRef = 02402CF435BA0C350E109525 /* LiveKitWebRTC */; };
		CFE0601D6BF86208DE3761F3 /* LikemindedPrivacyPolicy.swift in Sources */ = {isa = PBXBuildFile; fileRef = 63D2CC8991B9726CA6E09FED /* LikemindedPrivacyPolicy.swift */; };
		D0960611CC66E6642F609ACD /* ProfilePrototypeView.swift in Sources */ = {isa = PBXBuildFile; fileRef = 75C0F95C041A6C7D0D328202 /* ProfilePrototypeView.swift */; };
		E4C21F153CB397BCA7E4CF65 /* MeetView.swift in Sources */ = {isa = PBXBuildFile; fileRef = 9D7107FDFB96FB4B6E50291C /* MeetView.swift */; };
		E5F05FF2F77CDC1BC4866782 /* PrototypeComponents.swift in Sources */ = {isa = PBXBuildFile; fileRef = 83237B0C66BA3537CAB89B87 /* PrototypeComponents.swift */; };
		EA5E724579022F5894D30BCE /* MacAppState.swift in Sources */ = {isa = PBXBuildFile; fileRef = C848990D583124075A5332A9 /* MacAppState.swift */; };
		EA9F7CA6176BED311E8CE740 /* LiveKitWebRTC in Frameworks */ = {isa = PBXBuildFile; productRef = 5C23684ECD3C73D525192988 /* LiveKitWebRTC */; };
		F5B8DF9B8360B797123A8F3F /* Models.swift in Sources */ = {isa = PBXBuildFile; fileRef = 99419D847C29F69421A296E7 /* Models.swift */; };
		FEEF47DE3C0EB72A13CE2AD5 /* GoogleSignIn in Frameworks */ = {isa = PBXBuildFile; productRef = 74692D8F905BD45EC09335FA /* GoogleSignIn */; };
/* End PBXBuildFile section */

/* Begin PBXFileReference section */
		000AE075D1E28F6F008AC04D /* LiveKitMeetSession.swift */ = {isa = PBXFileReference; lastKnownFileType = sourcecode.swift; path = LiveKitMeetSession.swift; sourceTree = "<group>"; };
		12C36748D06319EACF593DE7 /* LikemindedMac.app */ = {isa = PBXFileReference; explicitFileType = wrapper.application; includeInIndex = 0; path = LikemindedMac.app; sourceTree = BUILT_PRODUCTS_DIR; };
		14190A43716DF2A52AB8F7DD /* LikemindedAPIClient.swift */ = {isa = PBXFileReference; lastKnownFileType = sourcecode.swift; path = LikemindedAPIClient.swift; sourceTree = "<group>"; };
		181BFC9B2D93330133F5C993 /* MacPrototypeData.swift */ = {isa = PBXFileReference; lastKnownFileType = sourcecode.swift; path = MacPrototypeData.swift; sourceTree = "<group>"; };
		296DEAB93269CB0949442024 /* DoodleArt.swift */ = {isa = PBXFileReference; lastKnownFileType = sourcecode.swift; path = DoodleArt.swift; sourceTree = "<group>"; };
		2B0C51AF9D64677B65F8D49A /* AuthGateView.swift */ = {isa = PBXFileReference; lastKnownFileType = sourcecode.swift; path = AuthGateView.swift; sourceTree = "<group>"; };
		2E4CC542091C9D3F04D1DE21 /* CustomTabBar.swift */ = {isa = PBXFileReference; lastKnownFileType = sourcecode.swift; path = CustomTabBar.swift; sourceTree = "<group>"; };
		40664BF795D4C75998E0D941 /* MacRootView.swift */ = {isa = PBXFileReference; lastKnownFileType = sourcecode.swift; path = MacRootView.swift; sourceTree = "<group>"; };
		43D8F9C153E1CAAA2E1D4B53 /* DeviceIdentity.swift */ = {isa = PBXFileReference; lastKnownFileType = sourcecode.swift; path = DeviceIdentity.swift; sourceTree = "<group>"; };
		4895BAF5408C8A7CEDEB5EC3 /* CircleCard.swift */ = {isa = PBXFileReference; lastKnownFileType = sourcecode.swift; path = CircleCard.swift; sourceTree = "<group>"; };
		583CD7AF0A74916366CBF8AF /* Likeminded.app */ = {isa = PBXFileReference; includeInIndex = 0; lastKnownFileType = wrapper.application; path = Likeminded.app; sourceTree = BUILT_PRODUCTS_DIR; };
		5F51BCAB677E4C2BEAE840EE /* NotificationsView.swift */ = {isa = PBXFileReference; lastKnownFileType = sourcecode.swift; path = NotificationsView.swift; sourceTree = "<group>"; };
		63D2CC8991B9726CA6E09FED /* LikemindedPrivacyPolicy.swift */ = {isa = PBXFileReference; lastKnownFileType = sourcecode.swift; path = LikemindedPrivacyPolicy.swift; sourceTree = "<group>"; };
		63DCB9E92C74E864B793C207 /* LikemindedAPIClient.swift */ = {isa = PBXFileReference; lastKnownFileType = sourcecode.swift; path = LikemindedAPIClient.swift; sourceTree = "<group>"; };
		704749A39D4B879E03561B1B /* LikemindedApp.swift */ = {isa = PBXFileReference; lastKnownFileType = sourcecode.swift; path = LikemindedApp.swift; sourceTree = "<group>"; };
		70685EA3FAE20FBC4827812B /* RealtimeVoiceClient.swift */ = {isa = PBXFileReference; lastKnownFileType = sourcecode.swift; path = RealtimeVoiceClient.swift; sourceTree = "<group>"; };
		71F1782CC0FAAD3C06C76E5C /* RootView.swift */ = {isa = PBXFileReference; lastKnownFileType = sourcecode.swift; path = RootView.swift; sourceTree = "<group>"; };
		75383C5F7FE5874C6F987690 /* SoulmateView.swift */ = {isa = PBXFileReference; lastKnownFileType = sourcecode.swift; path = SoulmateView.swift; sourceTree = "<group>"; };
		75C0F95C041A6C7D0D328202 /* ProfilePrototypeView.swift */ = {isa = PBXFileReference; lastKnownFileType = sourcecode.swift; path = ProfilePrototypeView.swift; sourceTree = "<group>"; };
		7700EF7A1FAAF31D9ACEF8F4 /* LikemindedMacApp.swift */ = {isa = PBXFileReference; lastKnownFileType = sourcecode.swift; path = LikemindedMacApp.swift; sourceTree = "<group>"; };
		7B055E6A70526D0FD3D6B7C5 /* GoogleSignInSupport.swift */ = {isa = PBXFileReference; lastKnownFileType = sourcecode.swift; path = GoogleSignInSupport.swift; sourceTree = "<group>"; };
		83237B0C66BA3537CAB89B87 /* PrototypeComponents.swift */ = {isa = PBXFileReference; lastKnownFileType = sourcecode.swift; path = PrototypeComponents.swift; sourceTree = "<group>"; };
		85F92FDA4C0807BAC3C64DDC /* SocialAuthButtonsView.swift */ = {isa = PBXFileReference; lastKnownFileType = sourcecode.swift; path = SocialAuthButtonsView.swift; sourceTree = "<group>"; };
		8C8C121E18E6BF523CE92D82 /* PrototypeModels.swift */ = {isa = PBXFileReference; lastKnownFileType = sourcecode.swift; path = PrototypeModels.swift; sourceTree = "<group>"; };
		99419D847C29F69421A296E7 /* Models.swift */ = {isa = PBXFileReference; lastKnownFileType = sourcecode.swift; path = Models.swift; sourceTree = "<group>"; };
		9D7107FDFB96FB4B6E50291C /* MeetView.swift */ = {isa = PBXFileReference; lastKnownFileType = sourcecode.swift; path = MeetView.swift; sourceTree = "<group>"; };
		A931FF701084ED1753234F3A /* LiveKitTokenProvider.swift */ = {isa = PBXFileReference; lastKnownFileType = sourcecode.swift; path = LiveKitTokenProvider.swift; sourceTree = "<group>"; };
		BC3A363F271D17248AADFD13 /* OnboardingView.swift */ = {isa = PBXFileReference; lastKnownFileType = sourcecode.swift; path = OnboardingView.swift; sourceTree = "<group>"; };
		C615B2CB5D4009DE9EDF7F48 /* PrototypeAppState.swift */ = {isa = PBXFileReference; lastKnownFileType = sourcecode.swift; path = PrototypeAppState.swift; sourceTree = "<group>"; };
		C716780C8187703C6E293080 /* PrototypeData.swift */ = {isa = PBXFileReference; lastKnownFileType = sourcecode.swift; path = PrototypeData.swift; sourceTree = "<group>"; };
		C848990D583124075A5332A9 /* MacAppState.swift */ = {isa = PBXFileReference; lastKnownFileType = sourcecode.swift; path = MacAppState.swift; sourceTree = "<group>"; };
		CDF2490A9727FEEB417EED9F /* AuthSessionStore.swift */ = {isa = PBXFileReference; lastKnownFileType = sourcecode.swift; path = AuthSessionStore.swift; sourceTree = "<group>"; };
		CE323EA9FB8B001BE3FD724E /* WalletSignInSupport.swift */ = {isa = PBXFileReference; lastKnownFileType = sourcecode.swift; path = WalletSignInSupport.swift; sourceTree = "<group>"; };
		CF864D6E37CD7289F92855DF /* CommunitiesPrototypeView.swift */ = {isa = PBXFileReference; lastKnownFileType = sourcecode.swift; path = CommunitiesPrototypeView.swift; sourceTree = "<group>"; };
		D7FCE7C689C2FF701CCB18EB /* AppleSignInSupport.swift */ = {isa = PBXFileReference; lastKnownFileType = sourcecode.swift; path = AppleSignInSupport.swift; sourceTree = "<group>"; };
		E11E3DAEAEA4F6D6B35D2D32 /* SettingsPrototypeView.swift */ = {isa = PBXFileReference; lastKnownFileType = sourcecode.swift; path = SettingsPrototypeView.swift; sourceTree = "<group>"; };
		E35A6097677BF379E314306E /* MacDesignSystem.swift */ = {isa = PBXFileReference; lastKnownFileType = sourcecode.swift; path = MacDesignSystem.swift; sourceTree = "<group>"; };
		E4A27335D18C85FF61CE549E /* Assets.xcassets */ = {isa = PBXFileReference; lastKnownFileType = folder.assetcatalog; path = Assets.xcassets; sourceTree = "<group>"; };
		F693CC73A97F4BA64FD34B2D /* MacScreens.swift */ = {isa = PBXFileReference; lastKnownFileType = sourcecode.swift; path = MacScreens.swift; sourceTree = "<group>"; };
/* End PBXFileReference section */

/* Begin PBXFrameworksBuildPhase section */
		3905B405CE72885C4220F265 /* Frameworks */ = {
			isa = PBXFrameworksBuildPhase;
			buildActionMask = 2147483647;
			files = (
				526F3648A81F8B47AA9EFC97 /* LiveKit in Frameworks */,
				EA9F7CA6176BED311E8CE740 /* LiveKitWebRTC in Frameworks */,
				FEEF47DE3C0EB72A13CE2AD5 /* GoogleSignIn in Frameworks */,
			);
			runOnlyForDeploymentPostprocessing = 0;
		};
		449AA7D95920A86B8CAF77C4 /* Frameworks */ = {
			isa = PBXFrameworksBuildPhase;
			buildActionMask = 2147483647;
			files = (
				5F0E79024B1B152EBBD80D88 /* LiveKit in Frameworks */,
				CE50886875324458689A2D08 /* LiveKitWebRTC in Frameworks */,
				537F95835B944C12426E2846 /* GoogleSignIn in Frameworks */,
			);
			runOnlyForDeploymentPostprocessing = 0;
		};
/* End PBXFrameworksBuildPhase section */

/* Begin PBXGroup section */
		1863FE912792BAD85E72E5C6 /* Models */ = {
			isa = PBXGroup;
			children = (
				8C8C121E18E6BF523CE92D82 /* PrototypeModels.swift */,
			);
			path = Models;
			sourceTree = "<group>";
		};
		19464022767E186662A34DC0 /* Shared */ = {
			isa = PBXGroup;
			children = (
				D7FCE7C689C2FF701CCB18EB /* AppleSignInSupport.swift */,
				7B055E6A70526D0FD3D6B7C5 /* GoogleSignInSupport.swift */,
				63D2CC8991B9726CA6E09FED /* LikemindedPrivacyPolicy.swift */,
				000AE075D1E28F6F008AC04D /* LiveKitMeetSession.swift */,
				85F92FDA4C0807BAC3C64DDC /* SocialAuthButtonsView.swift */,
				CE323EA9FB8B001BE3FD724E /* WalletSignInSupport.swift */,
			);
			path = Shared;
			sourceTree = "<group>";
		};
		2AF6FB985DD25FA903FB6549 /* LikemindedApp */ = {
			isa = PBXGroup;
			children = (
				704749A39D4B879E03561B1B /* LikemindedApp.swift */,
				5F31523F0AEAFBCBC911930E /* Data */,
				1863FE912792BAD85E72E5C6 /* Models */,
				F36F7D893B50517CB495A8F7 /* Views */,
			);
			path = LikemindedApp;
			sourceTree = "<group>";
		};
		4AC2D9EA82E8721EDE36BEF0 /* Products */ = {
			isa = PBXGroup;
			children = (
				583CD7AF0A74916366CBF8AF /* Likeminded.app */,
				12C36748D06319EACF593DE7 /* LikemindedMac.app */,
			);
			name = Products;
			sourceTree = "<group>";
		};
		5F31523F0AEAFBCBC911930E /* Data */ = {
			isa = PBXGroup;
			children = (
				CDF2490A9727FEEB417EED9F /* AuthSessionStore.swift */,
				43D8F9C153E1CAAA2E1D4B53 /* DeviceIdentity.swift */,
				63DCB9E92C74E864B793C207 /* LikemindedAPIClient.swift */,
				A931FF701084ED1753234F3A /* LiveKitTokenProvider.swift */,
				C615B2CB5D4009DE9EDF7F48 /* PrototypeAppState.swift */,
				C716780C8187703C6E293080 /* PrototypeData.swift */,
				70685EA3FAE20FBC4827812B /* RealtimeVoiceClient.swift */,
			);
			path = Data;
			sourceTree = "<group>";
		};
		6226DDE8442F9FB130F5B0EB /* Shared */ = {
			isa = PBXGroup;
			children = (
				83237B0C66BA3537CAB89B87 /* PrototypeComponents.swift */,
			);
			path = Shared;
			sourceTree = "<group>";
		};
		6E51BDA68770073E19BBE3B1 /* LikemindedMac */ = {
			isa = PBXGroup;
			children = (
				14190A43716DF2A52AB8F7DD /* LikemindedAPIClient.swift */,
				7700EF7A1FAAF31D9ACEF8F4 /* LikemindedMacApp.swift */,
				C848990D583124075A5332A9 /* MacAppState.swift */,
				E35A6097677BF379E314306E /* MacDesignSystem.swift */,
				181BFC9B2D93330133F5C993 /* MacPrototypeData.swift */,
				40664BF795D4C75998E0D941 /* MacRootView.swift */,
				F693CC73A97F4BA64FD34B2D /* MacScreens.swift */,
				99419D847C29F69421A296E7 /* Models.swift */,
			);
			path = LikemindedMac;
			sourceTree = "<group>";
		};
		8627695CDDC29EEF1FF08223 = {
			isa = PBXGroup;
			children = (
				E4A27335D18C85FF61CE549E /* Assets.xcassets */,
				9DF60F32DDF0F8B7C3C61E6E /* Sources */,
				4AC2D9EA82E8721EDE36BEF0 /* Products */,
			);
			sourceTree = "<group>";
		};
		9DF60F32DDF0F8B7C3C61E6E /* Sources */ = {
			isa = PBXGroup;
			children = (
				EAA771AC3901E4377849EA9E /* DoodleArt */,
				2AF6FB985DD25FA903FB6549 /* LikemindedApp */,
				6E51BDA68770073E19BBE3B1 /* LikemindedMac */,
				19464022767E186662A34DC0 /* Shared */,
			);
			path = Sources;
			sourceTree = "<group>";
		};
		EAA771AC3901E4377849EA9E /* DoodleArt */ = {
			isa = PBXGroup;
			children = (
				296DEAB93269CB0949442024 /* DoodleArt.swift */,
			);
			path = DoodleArt;
			sourceTree = "<group>";
		};
		F36F7D893B50517CB495A8F7 /* Views */ = {
			isa = PBXGroup;
			children = (
				2B0C51AF9D64677B65F8D49A /* AuthGateView.swift */,
				4895BAF5408C8A7CEDEB5EC3 /* CircleCard.swift */,
				CF864D6E37CD7289F92855DF /* CommunitiesPrototypeView.swift */,
				2E4CC542091C9D3F04D1DE21 /* CustomTabBar.swift */,
				9D7107FDFB96FB4B6E50291C /* MeetView.swift */,
				5F51BCAB677E4C2BEAE840EE /* NotificationsView.swift */,
				BC3A363F271D17248AADFD13 /* OnboardingView.swift */,
				75C0F95C041A6C7D0D328202 /* ProfilePrototypeView.swift */,
				71F1782CC0FAAD3C06C76E5C /* RootView.swift */,
				E11E3DAEAEA4F6D6B35D2D32 /* SettingsPrototypeView.swift */,
				75383C5F7FE5874C6F987690 /* SoulmateView.swift */,
				6226DDE8442F9FB130F5B0EB /* Shared */,
			);
			path = Views;
			sourceTree = "<group>";
		};
/* End PBXGroup section */

/* Begin PBXNativeTarget section */
		243BAC188F1EBCA2009DA9DC /* LikemindedMac */ = {
			isa = PBXNativeTarget;
			buildConfigurationList = E778813250B5D052589CE8E2 /* Build configuration list for PBXNativeTarget "LikemindedMac" */;
			buildPhases = (
				BA3E819F4A8707E46BE66328 /* Sources */,
				E46DA4E8230DC4A0CD280947 /* Resources */,
				3905B405CE72885C4220F265 /* Frameworks */,
			);
			buildRules = (
			);
			dependencies = (
			);
			name = LikemindedMac;
			packageProductDependencies = (
				EF71AD29363DA78174557635 /* LiveKit */,
				5C23684ECD3C73D525192988 /* LiveKitWebRTC */,
				74692D8F905BD45EC09335FA /* GoogleSignIn */,
			);
			productName = LikemindedMac;
			productReference = 12C36748D06319EACF593DE7 /* LikemindedMac.app */;
			productType = "com.apple.product-type.application";
		};
		7EDE60F74566683E3AA458E5 /* Likeminded */ = {
			isa = PBXNativeTarget;
			buildConfigurationList = 7B9C2F030D068FADE55668D8 /* Build configuration list for PBXNativeTarget "Likeminded" */;
			buildPhases = (
				64916A6A468D989A15A23A1E /* Sources */,
				9E631E66CCEF03778CF235E3 /* Resources */,
				449AA7D95920A86B8CAF77C4 /* Frameworks */,
			);
			buildRules = (
			);
			dependencies = (
			);
			name = Likeminded;
			packageProductDependencies = (
				9109FD768D670024E68556DC /* LiveKit */,
				02402CF435BA0C350E109525 /* LiveKitWebRTC */,
				F6DE61824C693F67847A8C36 /* GoogleSignIn */,
			);
			productName = Likeminded;
			productReference = 583CD7AF0A74916366CBF8AF /* Likeminded.app */;
			productType = "com.apple.product-type.application";
		};
/* End PBXNativeTarget section */

/* Begin PBXProject section */
		726B5931987AB0A77FD160B7 /* Project object */ = {
			isa = PBXProject;
			attributes = {
				BuildIndependentTargetsInParallel = YES;
				LastUpgradeCheck = 1430;
				TargetAttributes = {
					243BAC188F1EBCA2009DA9DC = {
						ProvisioningStyle = Automatic;
					};
					7EDE60F74566683E3AA458E5 = {
						ProvisioningStyle = Automatic;
					};
				};
			};
			buildConfigurationList = 38B34F465C3B07C608BFA4CE /* Build configuration list for PBXProject "Likeminded" */;
			developmentRegion = en;
			hasScannedForEncodings = 0;
			knownRegions = (
				Base,
				en,
			);
			mainGroup = 8627695CDDC29EEF1FF08223;
			minimizedProjectReferenceProxies = 1;
			packageReferences = (
				689A899FDC3939B8B86F1633 /* XCRemoteSwiftPackageReference "GoogleSignIn-iOS" */,
				2DCF0895A65FBBB07C6CACD7 /* XCRemoteSwiftPackageReference "client-sdk-swift" */,
				6BB75A61C4F513F69EAB14AF /* XCRemoteSwiftPackageReference "webrtc-xcframework" */,
			);
			preferredProjectObjectVersion = 77;
			productRefGroup = 4AC2D9EA82E8721EDE36BEF0 /* Products */;
			projectDirPath = "";
			projectRoot = "";
			targets = (
				7EDE60F74566683E3AA458E5 /* Likeminded */,
				243BAC188F1EBCA2009DA9DC /* LikemindedMac */,
			);
		};
/* End PBXProject section */

/* Begin PBXResourcesBuildPhase section */
		9E631E66CCEF03778CF235E3 /* Resources */ = {
			isa = PBXResourcesBuildPhase;
			buildActionMask = 2147483647;
			files = (
				3D96591126672068AD6125E9 /* Assets.xcassets in Resources */,
			);
			runOnlyForDeploymentPostprocessing = 0;
		};
		E46DA4E8230DC4A0CD280947 /* Resources */ = {
			isa = PBXResourcesBuildPhase;
			buildActionMask = 2147483647;
			files = (
				5BF328C460E5D74DB230A51F /* Assets.xcassets in Resources */,
			);
			runOnlyForDeploymentPostprocessing = 0;
		};
/* End PBXResourcesBuildPhase section */

/* Begin PBXSourcesBuildPhase section */
		64916A6A468D989A15A23A1E /* Sources */ = {
			isa = PBXSourcesBuildPhase;
			buildActionMask = 2147483647;
			files = (
				840C9EB45DCEBC5391A5C561 /* AppleSignInSupport.swift in Sources */,
				676E4A1C5FC17EE494C1AB2F /* AuthGateView.swift in Sources */,
				4319E06107624A793DB13545 /* AuthSessionStore.swift in Sources */,
				379D8BA56E5821E1680248E7 /* CircleCard.swift in Sources */,
				8D27A1FA539B87B3019798C6 /* CommunitiesPrototypeView.swift in Sources */,
				B6865DD6F294D8C495E0F118 /* CustomTabBar.swift in Sources */,
				1C099E485B7A23A87435717E /* DeviceIdentity.swift in Sources */,
				4662D50BD9BFCB596D1B3824 /* DoodleArt.swift in Sources */,
				16F14684399DFC422A77AF87 /* GoogleSignInSupport.swift in Sources */,
				9991EE71916006E89457B6E5 /* LikemindedAPIClient.swift in Sources */,
				638037123B69B011D78BF5A7 /* LikemindedApp.swift in Sources */,
				C0779A3AF07F111E9FD05005 /* LikemindedPrivacyPolicy.swift in Sources */,
				24B98ECCC3DD2FF590BCB942 /* LiveKitMeetSession.swift in Sources */,
				0F0F08547C69AA374756B919 /* LiveKitTokenProvider.swift in Sources */,
				E4C21F153CB397BCA7E4CF65 /* MeetView.swift in Sources */,
				3790F3067C86B1DF4F11FF86 /* NotificationsView.swift in Sources */,
				3C82F0006DF2BAE5048D0B43 /* OnboardingView.swift in Sources */,
				D0960611CC66E6642F609ACD /* ProfilePrototypeView.swift in Sources */,
				399834A377ADFBCE54D30DF9 /* PrototypeAppState.swift in Sources */,
				E5F05FF2F77CDC1BC4866782 /* PrototypeComponents.swift in Sources */,
				84146F27670847A18F01957F /* PrototypeData.swift in Sources */,
				1434DA300C4A5A2400A859A3 /* PrototypeModels.swift in Sources */,
				94B8BB90A08111BEB7490EEE /* RealtimeVoiceClient.swift in Sources */,
				3FC6508C115AA08A823B19CB /* RootView.swift in Sources */,
				BE4F826A0A1C866F945B5AAB /* SettingsPrototypeView.swift in Sources */,
				B9E7E4DC406E0482E4C8D26C /* SocialAuthButtonsView.swift in Sources */,
				6BC67532CE7285221B1396E7 /* SoulmateView.swift in Sources */,
				70256BE1244F839DCABB128C /* WalletSignInSupport.swift in Sources */,
			);
			runOnlyForDeploymentPostprocessing = 0;
		};
		BA3E819F4A8707E46BE66328 /* Sources */ = {
			isa = PBXSourcesBuildPhase;
			buildActionMask = 2147483647;
			files = (
				0306E5047E58AB8F66830636 /* AppleSignInSupport.swift in Sources */,
				2DD8ACBCA63AB12436A173EC /* DoodleArt.swift in Sources */,
				6817D124A01EACB3443E418A /* GoogleSignInSupport.swift in Sources */,
				132444A82981B36C69EF5C56 /* LikemindedAPIClient.swift in Sources */,
				00C5C47C4D3A69486DC493D3 /* LikemindedMacApp.swift in Sources */,
				CFE0601D6BF86208DE3761F3 /* LikemindedPrivacyPolicy.swift in Sources */,
				8AF3DD76F0780D1EC6B688E6 /* LiveKitMeetSession.swift in Sources */,
				EA5E724579022F5894D30BCE /* MacAppState.swift in Sources */,
				9917E4D207930B06A316F53D /* MacDesignSystem.swift in Sources */,
				31D1987C09EEBD76447D0DF7 /* MacPrototypeData.swift in Sources */,
				8298F29B28F7DBDF337EDD96 /* MacRootView.swift in Sources */,
				7CB71404A390802C745BF8F1 /* MacScreens.swift in Sources */,
				F5B8DF9B8360B797123A8F3F /* Models.swift in Sources */,
				24652FD0AE7CDCBFD6449A33 /* SocialAuthButtonsView.swift in Sources */,
				23566B8035FB78DD26018713 /* WalletSignInSupport.swift in Sources */,
			);
			runOnlyForDeploymentPostprocessing = 0;
		};
/* End PBXSourcesBuildPhase section */

/* Begin XCBuildConfiguration section */
		02BF4763A35658FC3335D8AE /* Release */ = {
			isa = XCBuildConfiguration;
			buildSettings = {
				ALWAYS_SEARCH_USER_PATHS = NO;
				CLANG_ANALYZER_NONNULL = YES;
				CLANG_ANALYZER_NUMBER_OBJECT_CONVERSION = YES_AGGRESSIVE;
				CLANG_CXX_LANGUAGE_STANDARD = "gnu++14";
				CLANG_CXX_LIBRARY = "libc++";
				CLANG_ENABLE_MODULES = YES;
				CLANG_ENABLE_OBJC_ARC = YES;
				CLANG_ENABLE_OBJC_WEAK = YES;
				CLANG_WARN_BLOCK_CAPTURE_AUTORELEASING = YES;
				CLANG_WARN_BOOL_CONVERSION = YES;
				CLANG_WARN_COMMA = YES;
				CLANG_WARN_CONSTANT_CONVERSION = YES;
				CLANG_WARN_DEPRECATED_OBJC_IMPLEMENTATIONS = YES;
				CLANG_WARN_DIRECT_OBJC_ISA_USAGE = YES_ERROR;
				CLANG_WARN_DOCUMENTATION_COMMENTS = YES;
				CLANG_WARN_EMPTY_BODY = YES;
				CLANG_WARN_ENUM_CONVERSION = YES;
				CLANG_WARN_INFINITE_RECURSION = YES;
				CLANG_WARN_INT_CONVERSION = YES;
				CLANG_WARN_NON_LITERAL_NULL_CONVERSION = YES;
				CLANG_WARN_OBJC_IMPLICIT_RETAIN_SELF = YES;
				CLANG_WARN_OBJC_LITERAL_CONVERSION = YES;
				CLANG_WARN_OBJC_ROOT_CLASS = YES_ERROR;
				CLANG_WARN_QUOTED_INCLUDE_IN_FRAMEWORK_HEADER = YES;
				CLANG_WARN_RANGE_LOOP_ANALYSIS = YES;
				CLANG_WARN_STRICT_PROTOTYPES = YES;
				CLANG_WARN_SUSPICIOUS_MOVE = YES;
				CLANG_WARN_UNGUARDED_AVAILABILITY = YES_AGGRESSIVE;
				CLANG_WARN_UNREACHABLE_CODE = YES;
				CLANG_WARN__DUPLICATE_METHOD_MATCH = YES;
				COPY_PHASE_STRIP = NO;
				CURRENT_PROJECT_VERSION = 1;
				DEBUG_INFORMATION_FORMAT = "dwarf-with-dsym";
				ENABLE_NS_ASSERTIONS = NO;
				ENABLE_STRICT_OBJC_MSGSEND = YES;
				GCC_C_LANGUAGE_STANDARD = gnu11;
				GCC_NO_COMMON_BLOCKS = YES;
				GCC_WARN_64_TO_32_BIT_CONVERSION = YES;
				GCC_WARN_ABOUT_RETURN_TYPE = YES_ERROR;
				GCC_WARN_UNDECLARED_SELECTOR = YES;
				GCC_WARN_UNINITIALIZED_AUTOS = YES_AGGRESSIVE;
				GCC_WARN_UNUSED_FUNCTION = YES;
				GCC_WARN_UNUSED_VARIABLE = YES;
				IPHONEOS_DEPLOYMENT_TARGET = 18.0;
				MACOSX_DEPLOYMENT_TARGET = 15.0;
				MARKETING_VERSION = 0.1.0;
				MTL_ENABLE_DEBUG_INFO = NO;
				MTL_FAST_MATH = YES;
				PRODUCT_NAME = "$(TARGET_NAME)";
				SWIFT_COMPILATION_MODE = wholemodule;
				SWIFT_OPTIMIZATION_LEVEL = "-O";
				SWIFT_VERSION = 5.0;
			};
			name = Release;
		};
		6CDF0FBB57640250D596D476 /* Release */ = {
			isa = XCBuildConfiguration;
			buildSettings = {
				ASSETCATALOG_COMPILER_APPICON_NAME = AppIcon;
				CODE_SIGN_ENTITLEMENTS = Entitlements/LikemindedMac.entitlements;
				CODE_SIGN_STYLE = Automatic;
				COMBINE_HIDPI_IMAGES = YES;
				DEVELOPMENT_ASSET_PATHS = "\"\"";
				GENERATE_INFOPLIST_FILE = YES;
				GOOGLE_CLIENT_ID_IOS = "";
				GOOGLE_REVERSED_CLIENT_ID = "";
				INFOPLIST_FILE = "Info/LikemindedMac-Info.plist";
				INFOPLIST_KEY_CFBundleDisplayName = Likeminded;
				INFOPLIST_KEY_LIKEMINDED_API_BASE_URL = "$(LIKEMINDED_API_BASE_URL)";
				INFOPLIST_KEY_NSCameraUsageDescription = "Likeminded uses your camera for scheduled group video meets.";
				INFOPLIST_KEY_NSMicrophoneUsageDescription = "Likeminded uses your voice to build private profile signals and suggest a starter circle.";
				LD_RUNPATH_SEARCH_PATHS = (
					"$(inherited)",
					"@executable_path/../Frameworks",
				);
				LIKEMINDED_API_BASE_URL = "";
				MACOSX_DEPLOYMENT_TARGET = 15.0;
				PRODUCT_BUNDLE_IDENTIFIER = com.likeminded.mac;
				PRODUCT_NAME = LikemindedMac;
				SDKROOT = macosx;
			};
			name = Release;
		};
		B1B23D79A8E1C6299343E9DF /* Debug */ = {
			isa = XCBuildConfiguration;
			buildSettings = {
				ASSETCATALOG_COMPILER_APPICON_NAME = AppIcon;
				CODE_SIGN_ENTITLEMENTS = Entitlements/Likeminded.entitlements;
				CODE_SIGN_IDENTITY = "iPhone Developer";
				CODE_SIGN_STYLE = Automatic;
				DEVELOPMENT_ASSET_PATHS = "\"\"";
				GENERATE_INFOPLIST_FILE = YES;
				GOOGLE_CLIENT_ID_IOS = "";
				GOOGLE_REVERSED_CLIENT_ID = "";
				INFOPLIST_FILE = "Info/Likeminded-Info.plist";
				INFOPLIST_KEY_CFBundleDisplayName = Likeminded;
				INFOPLIST_KEY_LIKEMINDED_API_BASE_URL = "$(LIKEMINDED_API_BASE_URL)";
				INFOPLIST_KEY_LSRequiresIPhoneOS = YES;
				INFOPLIST_KEY_NSAppTransportSecurity_NSAllowsLocalNetworking = YES;
				INFOPLIST_KEY_NSCameraUsageDescription = "Likeminded uses your camera for scheduled group video meets.";
				INFOPLIST_KEY_NSMicrophoneUsageDescription = "Likeminded uses your voice to build private profile signals and suggest a starter circle.";
				INFOPLIST_KEY_UIApplicationSupportsIndirectInputEvents = YES;
				INFOPLIST_KEY_UILaunchScreen_Generation = YES;
				IPHONEOS_DEPLOYMENT_TARGET = 18.0;
				LD_RUNPATH_SEARCH_PATHS = (
					"$(inherited)",
					"@executable_path/Frameworks",
				);
				LIKEMINDED_API_BASE_URL = "";
				PRODUCT_BUNDLE_IDENTIFIER = com.likeminded.app;
				PRODUCT_NAME = Likeminded;
				SDKROOT = iphoneos;
				SUPPORTS_MACCATALYST = NO;
				TARGETED_DEVICE_FAMILY = "1,2";
			};
			name = Debug;
		};
		C5BC40B70FB6ABBFD54E1117 /* Debug */ = {
			isa = XCBuildConfiguration;
			buildSettings = {
				ASSETCATALOG_COMPILER_APPICON_NAME = AppIcon;
				CODE_SIGN_ENTITLEMENTS = Entitlements/LikemindedMac.Debug.entitlements;
				CODE_SIGN_STYLE = Automatic;
				COMBINE_HIDPI_IMAGES = YES;
				DEVELOPMENT_ASSET_PATHS = "\"\"";
				GENERATE_INFOPLIST_FILE = YES;
				GOOGLE_CLIENT_ID_IOS = "";
				GOOGLE_REVERSED_CLIENT_ID = "";
				INFOPLIST_FILE = "Info/LikemindedMac-Info.plist";
				INFOPLIST_KEY_CFBundleDisplayName = Likeminded;
				INFOPLIST_KEY_LIKEMINDED_API_BASE_URL = "$(LIKEMINDED_API_BASE_URL)";
				INFOPLIST_KEY_NSCameraUsageDescription = "Likeminded uses your camera for scheduled group video meets.";
				INFOPLIST_KEY_NSMicrophoneUsageDescription = "Likeminded uses your voice to build private profile signals and suggest a starter circle.";
				LD_RUNPATH_SEARCH_PATHS = (
					"$(inherited)",
					"@executable_path/../Frameworks",
				);
				LIKEMINDED_API_BASE_URL = "";
				MACOSX_DEPLOYMENT_TARGET = 15.0;
				PRODUCT_BUNDLE_IDENTIFIER = com.likeminded.mac;
				PRODUCT_NAME = LikemindedMac;
				SDKROOT = macosx;
			};
			name = Debug;
		};
		CA7F5173AD605CCB129205C2 /* Debug */ = {
			isa = XCBuildConfiguration;
			buildSettings = {
				ALWAYS_SEARCH_USER_PATHS = NO;
				CLANG_ANALYZER_NONNULL = YES;
				CLANG_ANALYZER_NUMBER_OBJECT_CONVERSION = YES_AGGRESSIVE;
				CLANG_CXX_LANGUAGE_STANDARD = "gnu++14";
				CLANG_CXX_LIBRARY = "libc++";
				CLANG_ENABLE_MODULES = YES;
				CLANG_ENABLE_OBJC_ARC = YES;
				CLANG_ENABLE_OBJC_WEAK = YES;
				CLANG_WARN_BLOCK_CAPTURE_AUTORELEASING = YES;
				CLANG_WARN_BOOL_CONVERSION = YES;
				CLANG_WARN_COMMA = YES;
				CLANG_WARN_CONSTANT_CONVERSION = YES;
				CLANG_WARN_DEPRECATED_OBJC_IMPLEMENTATIONS = YES;
				CLANG_WARN_DIRECT_OBJC_ISA_USAGE = YES_ERROR;
				CLANG_WARN_DOCUMENTATION_COMMENTS = YES;
				CLANG_WARN_EMPTY_BODY = YES;
				CLANG_WARN_ENUM_CONVERSION = YES;
				CLANG_WARN_INFINITE_RECURSION = YES;
				CLANG_WARN_INT_CONVERSION = YES;
				CLANG_WARN_NON_LITERAL_NULL_CONVERSION = YES;
				CLANG_WARN_OBJC_IMPLICIT_RETAIN_SELF = YES;
				CLANG_WARN_OBJC_LITERAL_CONVERSION = YES;
				CLANG_WARN_OBJC_ROOT_CLASS = YES_ERROR;
				CLANG_WARN_QUOTED_INCLUDE_IN_FRAMEWORK_HEADER = YES;
				CLANG_WARN_RANGE_LOOP_ANALYSIS = YES;
				CLANG_WARN_STRICT_PROTOTYPES = YES;
				CLANG_WARN_SUSPICIOUS_MOVE = YES;
				CLANG_WARN_UNGUARDED_AVAILABILITY = YES_AGGRESSIVE;
				CLANG_WARN_UNREACHABLE_CODE = YES;
				CLANG_WARN__DUPLICATE_METHOD_MATCH = YES;
				COPY_PHASE_STRIP = NO;
				CURRENT_PROJECT_VERSION = 1;
				DEBUG_INFORMATION_FORMAT = dwarf;
				ENABLE_STRICT_OBJC_MSGSEND = YES;
				ENABLE_TESTABILITY = YES;
				GCC_C_LANGUAGE_STANDARD = gnu11;
				GCC_DYNAMIC_NO_PIC = NO;
				GCC_NO_COMMON_BLOCKS = YES;
				GCC_OPTIMIZATION_LEVEL = 0;
				GCC_PREPROCESSOR_DEFINITIONS = (
					"$(inherited)",
					"DEBUG=1",
				);
				GCC_WARN_64_TO_32_BIT_CONVERSION = YES;
				GCC_WARN_ABOUT_RETURN_TYPE = YES_ERROR;
				GCC_WARN_UNDECLARED_SELECTOR = YES;
				GCC_WARN_UNINITIALIZED_AUTOS = YES_AGGRESSIVE;
				GCC_WARN_UNUSED_FUNCTION = YES;
				GCC_WARN_UNUSED_VARIABLE = YES;
				IPHONEOS_DEPLOYMENT_TARGET = 18.0;
				MACOSX_DEPLOYMENT_TARGET = 15.0;
				MARKETING_VERSION = 0.1.0;
				MTL_ENABLE_DEBUG_INFO = INCLUDE_SOURCE;
				MTL_FAST_MATH = YES;
				ONLY_ACTIVE_ARCH = YES;
				PRODUCT_NAME = "$(TARGET_NAME)";
				SWIFT_ACTIVE_COMPILATION_CONDITIONS = DEBUG;
				SWIFT_OPTIMIZATION_LEVEL = "-Onone";
				SWIFT_VERSION = 5.0;
			};
			name = Debug;
		};
		E6BD9CBCF3DABBFEDC024CC3 /* Release */ = {
			isa = XCBuildConfiguration;
			buildSettings = {
				ASSETCATALOG_COMPILER_APPICON_NAME = AppIcon;
				CODE_SIGN_ENTITLEMENTS = Entitlements/Likeminded.entitlements;
				CODE_SIGN_IDENTITY = "iPhone Developer";
				CODE_SIGN_STYLE = Automatic;
				DEVELOPMENT_ASSET_PATHS = "\"\"";
				GENERATE_INFOPLIST_FILE = YES;
				GOOGLE_CLIENT_ID_IOS = "";
				GOOGLE_REVERSED_CLIENT_ID = "";
				INFOPLIST_FILE = "Info/Likeminded-Info.plist";
				INFOPLIST_KEY_CFBundleDisplayName = Likeminded;
				INFOPLIST_KEY_LIKEMINDED_API_BASE_URL = "$(LIKEMINDED_API_BASE_URL)";
				INFOPLIST_KEY_LSRequiresIPhoneOS = YES;
				INFOPLIST_KEY_NSAppTransportSecurity_NSAllowsLocalNetworking = YES;
				INFOPLIST_KEY_NSCameraUsageDescription = "Likeminded uses your camera for scheduled group video meets.";
				INFOPLIST_KEY_NSMicrophoneUsageDescription = "Likeminded uses your voice to build private profile signals and suggest a starter circle.";
				INFOPLIST_KEY_UIApplicationSupportsIndirectInputEvents = YES;
				INFOPLIST_KEY_UILaunchScreen_Generation = YES;
				IPHONEOS_DEPLOYMENT_TARGET = 18.0;
				LD_RUNPATH_SEARCH_PATHS = (
					"$(inherited)",
					"@executable_path/Frameworks",
				);
				LIKEMINDED_API_BASE_URL = "";
				PRODUCT_BUNDLE_IDENTIFIER = com.likeminded.app;
				PRODUCT_NAME = Likeminded;
				SDKROOT = iphoneos;
				SUPPORTS_MACCATALYST = NO;
				TARGETED_DEVICE_FAMILY = "1,2";
			};
			name = Release;
		};
/* End XCBuildConfiguration section */

/* Begin XCConfigurationList section */
		38B34F465C3B07C608BFA4CE /* Build configuration list for PBXProject "Likeminded" */ = {
			isa = XCConfigurationList;
			buildConfigurations = (
				CA7F5173AD605CCB129205C2 /* Debug */,
				02BF4763A35658FC3335D8AE /* Release */,
			);
			defaultConfigurationIsVisible = 0;
			defaultConfigurationName = Debug;
		};
		7B9C2F030D068FADE55668D8 /* Build configuration list for PBXNativeTarget "Likeminded" */ = {
			isa = XCConfigurationList;
			buildConfigurations = (
				B1B23D79A8E1C6299343E9DF /* Debug */,
				E6BD9CBCF3DABBFEDC024CC3 /* Release */,
			);
			defaultConfigurationIsVisible = 0;
			defaultConfigurationName = Debug;
		};
		E778813250B5D052589CE8E2 /* Build configuration list for PBXNativeTarget "LikemindedMac" */ = {
			isa = XCConfigurationList;
			buildConfigurations = (
				C5BC40B70FB6ABBFD54E1117 /* Debug */,
				6CDF0FBB57640250D596D476 /* Release */,
			);
			defaultConfigurationIsVisible = 0;
			defaultConfigurationName = Debug;
		};
/* End XCConfigurationList section */

/* Begin XCRemoteSwiftPackageReference section */
		2DCF0895A65FBBB07C6CACD7 /* XCRemoteSwiftPackageReference "client-sdk-swift" */ = {
			isa = XCRemoteSwiftPackageReference;
			repositoryURL = "https://github.com/livekit/client-sdk-swift";
			requirement = {
				kind = upToNextMajorVersion;
				minimumVersion = 2.0.0;
			};
		};
		689A899FDC3939B8B86F1633 /* XCRemoteSwiftPackageReference "GoogleSignIn-iOS" */ = {
			isa = XCRemoteSwiftPackageReference;
			repositoryURL = "https://github.com/google/GoogleSignIn-iOS";
			requirement = {
				kind = upToNextMajorVersion;
				minimumVersion = 8.0.0;
			};
		};
		6BB75A61C4F513F69EAB14AF /* XCRemoteSwiftPackageReference "webrtc-xcframework" */ = {
			isa = XCRemoteSwiftPackageReference;
			repositoryURL = "https://github.com/livekit/webrtc-xcframework.git";
			requirement = {
				kind = exactVersion;
				version = 144.7559.10;
			};
		};
/* End XCRemoteSwiftPackageReference section */

/* Begin XCSwiftPackageProductDependency section */
		02402CF435BA0C350E109525 /* LiveKitWebRTC */ = {
			isa = XCSwiftPackageProductDependency;
			package = 6BB75A61C4F513F69EAB14AF /* XCRemoteSwiftPackageReference "webrtc-xcframework" */;
			productName = LiveKitWebRTC;
		};
		5C23684ECD3C73D525192988 /* LiveKitWebRTC */ = {
			isa = XCSwiftPackageProductDependency;
			package = 6BB75A61C4F513F69EAB14AF /* XCRemoteSwiftPackageReference "webrtc-xcframework" */;
			productName = LiveKitWebRTC;
		};
		74692D8F905BD45EC09335FA /* GoogleSignIn */ = {
			isa = XCSwiftPackageProductDependency;
			package = 689A899FDC3939B8B86F1633 /* XCRemoteSwiftPackageReference "GoogleSignIn-iOS" */;
			productName = GoogleSignIn;
		};
		9109FD768D670024E68556DC /* LiveKit */ = {
			isa = XCSwiftPackageProductDependency;
			package = 2DCF0895A65FBBB07C6CACD7 /* XCRemoteSwiftPackageReference "client-sdk-swift" */;
			productName = LiveKit;
		};
		EF71AD29363DA78174557635 /* LiveKit */ = {
			isa = XCSwiftPackageProductDependency;
			package = 2DCF0895A65FBBB07C6CACD7 /* XCRemoteSwiftPackageReference "client-sdk-swift" */;
			productName = LiveKit;
		};
		F6DE61824C693F67847A8C36 /* GoogleSignIn */ = {
			isa = XCSwiftPackageProductDependency;
			package = 689A899FDC3939B8B86F1633 /* XCRemoteSwiftPackageReference "GoogleSignIn-iOS" */;
			productName = GoogleSignIn;
		};
/* End XCSwiftPackageProductDependency section */
	};
	rootObject = 726B5931987AB0A77FD160B7 /* Project object */;
}
